
Microsoft Visual Studio Solution File, Format Version 12.00
# Visual Studio Version 17
VisualStudioVersion = 17.9.34616.47
MinimumVisualStudioVersion = 10.0.40219.1
Project("{FAE04EC0-301F-11D3-BF4B-00C04F79EFBC}") = "BromoAirlane", "BromoAirlane\BromoAirlane.csproj", "{509F86AF-DDD2-4978-9B46-0755EBB16AB8}"
EndProject
Global
	GlobalSection(SolutionConfigurationPlatforms) = preSolution
		Debug|Any CPU = Debug|Any CPU
		Release|Any CPU = Release|Any CPU
	EndGlobalSection
	GlobalSection(ProjectConfigurationPlatforms) = postSolution
		{509F86AF-DDD2-4978-9B46-0755EBB16AB8}.Debug|Any CPU.ActiveCfg = Debug|Any CPU
		{509F86AF-DDD2-4978-9B46-0755EBB16AB8}.Debug|Any CPU.Build.0 = Debug|Any CPU
		{509F86AF-DDD2-4978-9B46-0755EBB16AB8}.Release|Any CPU.ActiveCfg = Release|Any CPU
		{509F86AF-DDD2-4978-9B46-0755EBB16AB8}.Release|Any CPU.Build.0 = Release|Any CPU
	EndGlobalSection
	GlobalSection(SolutionProperties) = preSolution
		HideSolutionNode = FALSE
	EndGlobalSection
	GlobalSection(ExtensibilityGlobals) = postSolution
		SolutionGuid = {68CF3FAA-0465-4C86-B333-1E97DBA8D352}
	EndGlobalSection
EndGlobal
